<?xml version="1.0" encoding="utf-8"?>
<Project ToolsVersion="4.0" xmlns="http://schemas.microsoft.com/developer/msbuild/2003">
  <ItemGroup>
    <Filter Include="Model">
      <UniqueIdentifier>{5b56a504-675d-4d1e-b0df-154e55db52b8}</UniqueIdentifier>
    </Filter>
    <Filter Include="Learner">
      <UniqueIdentifier>{5fbe7030-121c-40bc-9cbd-bbbb581be3db}</UniqueIdentifier>
    </Filter>
    <Filter Include="Repport">
      <UniqueIdentifier>{f43cbdf4-82ca-4418-876d-1a9777a2e2ec}</UniqueIdentifier>
    </Filter>
    <Filter Include="Cache">
      <UniqueIdentifier>{b54857dd-2cc1-49eb-b458-d2d029028b40}</UniqueIdentifier>
    </Filter>
  </ItemGroup>
  <ItemGroup>
    <Text Include="ReadMe.txt" />
  </ItemGroup>
  <ItemGroup>
    <ClInclude Include="alg_type.h">
      <Filter>Model</Filter>
    </ClInclude>
    <ClInclude Include="svm_model.h">
      <Filter>Model</Filter>
    </ClInclude>
    <ClInclude Include="svm_node.h">
      <Filter>Model</Filter>
    </ClInclude>
    <ClInclude Include="svm_parameter.h">
      <Filter>Model</Filter>
    </ClInclude>
    <ClInclude Include="svm_problem.h">
      <Filter>Model</Filter>
    </ClInclude>
    <ClInclude Include="learner.h">
      <Filter>Learner</Filter>
    </ClInclude>
    <ClInclude Include="report.h">
      <Filter>Repport</Filter>
    </ClInclude>
    <ClInclude Include="report_predict.h">
      <Filter>Repport</Filter>
    </ClInclude>
    <ClInclude Include="stdafx.h" />
    <ClInclude Include="targetver.h" />
    <ClInclude Include="kernel_type.h">
      <Filter>Model</Filter>
    </ClInclude>
    <ClInclude Include="kernel.h">
      <Filter>Cache</Filter>
    </ClInclude>
  </ItemGroup>
  <ItemGroup>
    <ClCompile Include="svm_problem.cpp">
      <Filter>Model</Filter>
    </ClCompile>
    <ClCompile Include="learner.cpp">
      <Filter>Learner</Filter>
    </ClCompile>
    <ClCompile Include="report.cpp">
      <Filter>Repport</Filter>
    </ClCompile>
    <ClCompile Include="report_predict.cpp">
      <Filter>Repport</Filter>
    </ClCompile>
    <ClCompile Include="stdafx.cpp" />
    <ClCompile Include="main.cpp" />
    <ClCompile Include="kernel.cpp" />
  </ItemGroup>
</Project>